
Microsoft Visual Studio Solution File, Format Version 12.00
# Visual Studio Version 17
VisualStudioVersion = 17.11.35222.181
MinimumVisualStudioVersion = 10.0.40219.1
Project("{FAE04EC0-301F-11D3-BF4B-00C04F79EFBC}") = "TechTestAPI", "TechTestAPI\TechTestAPI.csproj", "{712F4FD0-2AE1-4B0B-925E-EC1D7E39600E}"
EndProject
Project("{FAE04EC0-301F-11D3-BF4B-00C04F79EFBC}") = "AvatarService", "AvatarService\AvatarService.csproj", "{9FD148BD-2C6F-4EDA-B77C-1F3F28905257}"
EndProject
Project("{FAE04EC0-301F-11D3-BF4B-00C04F79EFBC}") = "Repository", "Repository\Repository.csproj", "{F35D0B8E-BEA4-478C-95F4-A491DFC4F855}"
EndProject
Global
	GlobalSection(SolutionConfigurationPlatforms) = preSolution
		Debug|Any CPU = Debug|Any CPU
		Release|Any CPU = Release|Any CPU
	EndGlobalSection
	GlobalSection(ProjectConfigurationPlatforms) = postSolution
		{712F4FD0-2AE1-4B0B-925E-EC1D7E39600E}.Debug|Any CPU.ActiveCfg = Debug|Any CPU
		{712F4FD0-2AE1-4B0B-925E-EC1D7E39600E}.Debug|Any CPU.Build.0 = Debug|Any CPU
		{712F4FD0-2AE1-4B0B-925E-EC1D7E39600E}.Release|Any CPU.ActiveCfg = Release|Any CPU
		{712F4FD0-2AE1-4B0B-925E-EC1D7E39600E}.Release|Any CPU.Build.0 = Release|Any CPU
		{9FD148BD-2C6F-4EDA-B77C-1F3F28905257}.Debug|Any CPU.ActiveCfg = Debug|Any CPU
		{9FD148BD-2C6F-4EDA-B77C-1F3F28905257}.Debug|Any CPU.Build.0 = Debug|Any CPU
		{9FD148BD-2C6F-4EDA-B77C-1F3F28905257}.Release|Any CPU.ActiveCfg = Release|Any CPU
		{9FD148BD-2C6F-4EDA-B77C-1F3F28905257}.Release|Any CPU.Build.0 = Release|Any CPU
		{F35D0B8E-BEA4-478C-95F4-A491DFC4F855}.Debug|Any CPU.ActiveCfg = Debug|Any CPU
		{F35D0B8E-BEA4-478C-95F4-A491DFC4F855}.Debug|Any CPU.Build.0 = Debug|Any CPU
		{F35D0B8E-BEA4-478C-95F4-A491DFC4F855}.Release|Any CPU.ActiveCfg = Release|Any CPU
		{F35D0B8E-BEA4-478C-95F4-A491DFC4F855}.Release|Any CPU.Build.0 = Release|Any CPU
	EndGlobalSection
	GlobalSection(SolutionProperties) = preSolution
		HideSolutionNode = FALSE
	EndGlobalSection
	GlobalSection(ExtensibilityGlobals) = postSolution
		SolutionGuid = {1D280D15-729E-4CE7-867C-16ED67373FED}
	EndGlobalSection
EndGlobal
